
Microsoft Visual Studio Solution File, Format Version 12.00
# Visual Studio Version 17
VisualStudioVersion = 17.7.34302.85
MinimumVisualStudioVersion = 10.0.40219.1
Project("{8BC9CEB8-8B4A-11D0-8D11-00A0C91BC942}") = "THKTLT_TuOn", "THKTLT_TuOn\THKTLT_TuOn.vcxproj", "{817E6595-CF5B-49EF-97E9-6C9DA9177741}"
EndProject
Global
	GlobalSection(SolutionConfigurationPlatforms) = preSolution
		Debug|x64 = Debug|x64
		Debug|x86 = Debug|x86
		Release|x64 = Release|x64
		Release|x86 = Release|x86
	EndGlobalSection
	GlobalSection(ProjectConfigurationPlatforms) = postSolution
		{817E6595-CF5B-49EF-97E9-6C9DA9177741}.Debug|x64.ActiveCfg = Debug|x64
		{817E6595-CF5B-49EF-97E9-6C9DA9177741}.Debug|x64.Build.0 = Debug|x64
		{817E6595-CF5B-49EF-97E9-6C9DA9177741}.Debug|x86.ActiveCfg = Debug|Win32
		{817E6595-CF5B-49EF-97E9-6C9DA9177741}.Debug|x86.Build.0 = Debug|Win32
		{817E6595-CF5B-49EF-97E9-6C9DA9177741}.Release|x64.ActiveCfg = Release|x64
		{817E6595-CF5B-49EF-97E9-6C9DA9177741}.Release|x64.Build.0 = Release|x64
		{817E6595-CF5B-49EF-97E9-6C9DA9177741}.Release|x86.ActiveCfg = Release|Win32
		{817E6595-CF5B-49EF-97E9-6C9DA9177741}.Release|x86.Build.0 = Release|Win32
	EndGlobalSection
	GlobalSection(SolutionProperties) = preSolution
		HideSolutionNode = FALSE
	EndGlobalSection
	GlobalSection(ExtensibilityGlobals) = postSolution
		SolutionGuid = {774F2610-3CEC-4828-8940-72D8C59D9ED9}
	EndGlobalSection
EndGlobal
